
Microsoft Visual Studio Solution File, Format Version 12.00
# Visual Studio Version 17
VisualStudioVersion = 17.9.34728.123
MinimumVisualStudioVersion = 10.0.40219.1
Project("{FAE04EC0-301F-11D3-BF4B-00C04F79EFBC}") = "Practice", "Practice\Practice.csproj", "{02D7148D-8DFF-4C65-9D25-D5F3F8E8B6CE}"
EndProject
Global
	GlobalSection(SolutionConfigurationPlatforms) = preSolution
		Debug|Any CPU = Debug|Any CPU
		Release|Any CPU = Release|Any CPU
	EndGlobalSection
	GlobalSection(ProjectConfigurationPlatforms) = postSolution
		{02D7148D-8DFF-4C65-9D25-D5F3F8E8B6CE}.Debug|Any CPU.ActiveCfg = Debug|Any CPU
		{02D7148D-8DFF-4C65-9D25-D5F3F8E8B6CE}.Debug|Any CPU.Build.0 = Debug|Any CPU
		{02D7148D-8DFF-4C65-9D25-D5F3F8E8B6CE}.Release|Any CPU.ActiveCfg = Release|Any CPU
		{02D7148D-8DFF-4C65-9D25-D5F3F8E8B6CE}.Release|Any CPU.Build.0 = Release|Any CPU
	EndGlobalSection
	GlobalSection(SolutionProperties) = preSolution
		HideSolutionNode = FALSE
	EndGlobalSection
	GlobalSection(ExtensibilityGlobals) = postSolution
		SolutionGuid = {5E11F9E1-F1A5-4727-9DB6-DF6ADD59E7D9}
	EndGlobalSection
EndGlobal
