
Microsoft Visual Studio Solution File, Format Version 12.00
# Visual Studio Version 17
VisualStudioVersion = 17.9.34728.123
MinimumVisualStudioVersion = 10.0.40219.1
Project("{FAE04EC0-301F-11D3-BF4B-00C04F79EFBC}") = "WebApplication3", "WebApplication3\WebApplication3.csproj", "{5391B509-1E26-46EB-99EB-C3FAA8CCA92B}"
EndProject
Global
	GlobalSection(SolutionConfigurationPlatforms) = preSolution
		Debug|Any CPU = Debug|Any CPU
		Release|Any CPU = Release|Any CPU
	EndGlobalSection
	GlobalSection(ProjectConfigurationPlatforms) = postSolution
		{5391B509-1E26-46EB-99EB-C3FAA8CCA92B}.Debug|Any CPU.ActiveCfg = Debug|Any CPU
		{5391B509-1E26-46EB-99EB-C3FAA8CCA92B}.Debug|Any CPU.Build.0 = Debug|Any CPU
		{5391B509-1E26-46EB-99EB-C3FAA8CCA92B}.Release|Any CPU.ActiveCfg = Release|Any CPU
		{5391B509-1E26-46EB-99EB-C3FAA8CCA92B}.Release|Any CPU.Build.0 = Release|Any CPU
	EndGlobalSection
	GlobalSection(SolutionProperties) = preSolution
		HideSolutionNode = FALSE
	EndGlobalSection
	GlobalSection(ExtensibilityGlobals) = postSolution
		SolutionGuid = {11B7B1C5-972E-408E-8E72-2144A002B771}
	EndGlobalSection
EndGlobal
